{
    "_meta": {
        "hash": {
            "sha256": "58f474081f57c634e914771482d6e59f4445b4326103a95510d203d78a9b651e"
        },
        "host-environment-markers": {
            "implementation_name": "cpython",
            "implementation_version": "3.6.4",
            "os_name": "posix",
            "platform_machine": "x86_64",
            "platform_python_implementation": "CPython",
            "platform_release": "17.2.0",
            "platform_system": "Darwin",
            "platform_version": "Darwin Kernel Version 17.2.0: Fri Sep 29 18:27:05 PDT 2017; root:xnu-4570.20.62~3/RELEASE_X86_64",
            "python_full_version": "3.6.4",
            "python_version": "3.6",
            "sys_platform": "darwin"
        },
        "pipfile-spec": 6,
        "requires": {},
        "sources": [
            {
                "url": "https://pypi.python.org/simple",
                "verify_ssl": true
            }
        ]
    },
    "default": {
        "asn1crypto": {
            "hashes": [
                "sha256:2f1adbb7546ed199e3c90ef23ec95c5cf3585bac7d11fb7eb562a3fe89c64e87",
                "sha256:9d5c20441baf0cb60a4ac34cc447c6c189024b6b4c6cd7877034f4965c464e49"
            ],
            "version": "==0.24.0"
        },
        "cffi": {
            "hashes": [
                "sha256:5d0d7023b72794ea847725680e2156d1d01bc698a9007fccce46d03c904fe093",
                "sha256:86903c0afab4a3390170aca61f753f5adad8ffff947030719ee44dedc5b68403",
                "sha256:7d35678a54da0d3f1bc30e3a58a232043753d57c691875b5a75e4e062793bc9a",
                "sha256:824cac33906be5c8e976f0d950924d88ec058989ef9cd2f77f5cd53cec417635",
                "sha256:6ca52651f6bd4b8647cb7dee15c82619de3e13490f8e0bc0620830a2245b51d1",
                "sha256:a183959a4b1e01d6172aeed356e2523ec8682596075aa6cf0003fe08da959a49",
                "sha256:9532c5bc0108bd0fe43c0eb3faa2ef98a2db60fc0d4019f106b88d46803dd663",
                "sha256:96652215ef328262b5f1d5647632bd342ac6b31dfbc495b21f1ab27cb06d621d",
                "sha256:6c99d19225e3135f6190a3bfce2a614cae8eaa5dcaf9e0705d4ccb79a3959a3f",
                "sha256:12cbf4c04c1ad07124bfc9e928c01e282feac9ec7dd72a18042d4fc56456289a",
                "sha256:69c37089ccf10692361c8d14dbf4138b00b46741ffe9628755054499f06ed548",
                "sha256:b8d1454ef627098dc76ccfd6211a08065e6f84efe3754d8d112049fec3768e71",
                "sha256:cd13f347235410c592f6e36395ee1c136a64b66534f10173bfa4df1dc88f47d0",
                "sha256:0640f12f04f257c4467075a804a4920a5d07ef91e11c525fc65d715c08231c81",
                "sha256:89a8d05b96bdeca8fdc89c5fa9469a357d30f6c066262e92c0c8d2e4d3c53cae",
                "sha256:a67c430a9bde73ae85b0c885fcf41b556760e42ea74c16dc70431a349989b448",
                "sha256:7a831170b621e98f45ed1d5758325be19619a593924127a0a47af9a72a117319",
                "sha256:796d0379102e6da5215acfcd20e8e69cca9d97309215b4ce088fe175b1c2f586",
                "sha256:0fe3b3d571543a4065059d1d3d6d39f4ca6da0f2207ad13547094522e32ead46",
                "sha256:678135090c311780382b1dd3f828f715583ea8a69687ed053c047d3cec6625d6",
                "sha256:f4992cd7b4c867f453d44c213ee29e8fd484cf81cfece4b6e836d0982b6fa1cf",
                "sha256:6d191fb20138fe1948727b20e7b96582b7b7e676135eabf72d910e10bf7bfa65",
                "sha256:ec208ca16e57904dd7f4c7568665f80b1f7eb7e3214be014560c28def219060d",
                "sha256:b3653644d6411bf4bd64c1f2ca3cb1b093f98c68439ade5cef328609bbfabf8c",
                "sha256:f4719d0bafc5f0a67b2ec432086d40f653840698d41fa6e9afa679403dea9d78",
                "sha256:87f837459c3c78d75cb4f5aadf08a7104db15e8c7618a5c732e60f252279c7a6",
                "sha256:df9083a992b17a28cd4251a3f5c879e0198bb26c9e808c4647e0a18739f1d11d"
            ],
            "markers": "platform_python_implementation != 'PyPy'",
            "version": "==1.11.4"
        },
        "cryptography": {
            "hashes": [
                "sha256:69285f5615507b6625f89ea1048addd1d9218585fb886eb90bdebb1d2b2d26f5",
                "sha256:6cb1224da391fa90f1be524eafb375b62baf8d3df9690b32e8cc475ccfccee5e",
                "sha256:4f385ee7d39ee1ed74f1d6b1da03d0734ea82855a7b28a9e6e88c4091bc58664",
                "sha256:a5f2c681fd040ed648513939a1dd2242af19bd5e9e79e53b6dcfa33bdae61217",
                "sha256:fc2208d95d9ecc8032f5e38330d5ace2e3b0b998e42b08c30c35b2ab3a4a3bc8",
                "sha256:0d39a93cf25edeae1f796bbc5960e587f34513a852564f6345ea4491a86c5997",
                "sha256:41f94194ae78f83fd94ca94fb8ad65f92210a76a2421169ffa5c33c3ec7605f4",
                "sha256:7a2409f1564c84bcf2563d379c9b6148c5bc6b0ae46e109f6a7b4bebadf551df",
                "sha256:55555d784cfdf9033e81f044c0df04babed2aa141213765d960d233b0139e353",
                "sha256:9a47a80f65f4feaaf8415a40c339806c7d7d867152ddccc6ca87f707c8b7b565",
                "sha256:6fb22f63e17813f3d1d8e30dd1e249e2c34233ba1d3de977fd31cb5db764c7d0",
                "sha256:ee245f185fae723133511e2450be08a66c2eebb53ad27c0c19b228029f4748a5",
                "sha256:9a2945efcff84830c8e237ab037d0269380d75d400a89cc9e5628e52647e21be",
                "sha256:2cfcee8829c5dec55597826d52c26bc26e7ce39adb4771584459d0636b0b7108",
                "sha256:33b564196dcd563e309a0b07444e31611368afe3a3822160c046f5e4c3b5cdd7",
                "sha256:18d0b0fc21f39b35ea469a82584f55eeecec1f65a92d85af712c425bdef627b3",
                "sha256:d18df9cf3f3212df28d445ea82ce702c4d7a35817ef7a38ee38879ffa8f7e857",
                "sha256:b984523d28737e373c7c35c8b6db6001537609d47534892de189bebebaa42a47",
                "sha256:27a208b9600166976182351174948e128818e7fc95cbdba18143f3106a211546",
                "sha256:28e4e9a97713aa47b5ef9c5003def2eb58aec89781ef3ef82b1c2916a8b0639b",
                "sha256:a3c180d12ffb1d8ee5b33a514a5bcb2a9cc06cc89aa74038015591170c82f55d",
                "sha256:8487524a1212223ca6dc7e2c8913024618f7ff29855c98869088e3818d5f6733",
                "sha256:e4d967371c5b6b2e67855066471d844c5d52d210c36c28d49a8507b96e2c5291"
            ],
            "version": "==2.1.4"
        },
        "idna": {
            "hashes": [
                "sha256:8c7309c718f94b3a625cb648ace320157ad16ff131ae0af362c9f21b80ef6ec4",
                "sha256:2c6a5de3089009e3da7c5dde64a141dbc8551d5b7f6cf4ed7c2568d0cc520a8f"
            ],
            "version": "==2.6"
        },
        "pycparser": {
            "hashes": [
                "sha256:99a8ca03e29851d96616ad0404b4aad7d9ee16f25c9f9708a11faf2810f7b226"
            ],
            "version": "==2.18"
        },
        "six": {
            "hashes": [
                "sha256:832dc0e10feb1aa2c68dcc57dbb658f1c7e65b9b61af69048abc87a2db00a0eb",
                "sha256:70e8a77beed4562e7f14fe23a786b54f6296e34344c23bc42f07b15018ff98e9"
            ],
            "version": "==1.11.0"
        }
    },
    "develop": {
        "certifi": {
            "hashes": [
                "sha256:14131608ad2fd56836d33a71ee60fa1c82bc9d2c8d98b7bdbc631fe1b3cd1296",
                "sha256:edbc3f203427eef571f79a7692bb160a2b0f7ccaa31953e99bd17e307cf63f7d"
            ],
            "version": "==2018.1.18"
        },
        "chardet": {
            "hashes": [
                "sha256:fc323ffcaeaed0e0a02bf4d117757b98aed530d9ed4531e3e15460124c106691",
                "sha256:84ab92ed1c4d4f16916e05906b6b75a6c0fb5db821cc65e70cbd64a3e2a5eaae"
            ],
            "version": "==3.0.4"
        },
        "coverage": {
            "hashes": [
                "sha256:d1ee76f560c3c3e8faada866a07a32485445e16ed2206ac8378bd90dadffb9f0",
                "sha256:007eeef7e23f9473622f7d94a3e029a45d55a92a1f083f0f3512f5ab9a669b05",
                "sha256:17307429935f96c986a1b1674f78079528833410750321d22b5fb35d1883828e",
                "sha256:845fddf89dca1e94abe168760a38271abfc2e31863fbb4ada7f9a99337d7c3dc",
                "sha256:3f4d0b3403d3e110d2588c275540649b1841725f5a11a7162620224155d00ba2",
                "sha256:4c4f368ffe1c2e7602359c2c50233269f3abe1c48ca6b288dcd0fb1d1c679733",
                "sha256:f8c55dd0f56d3d618dfacf129e010cbe5d5f94b6951c1b2f13ab1a2f79c284da",
                "sha256:cdd92dd9471e624cd1d8c1a2703d25f114b59b736b0f1f659a98414e535ffb3d",
                "sha256:2ad357d12971e77360034c1596011a03f50c0f9e1ecd12e081342b8d1aee2236",
                "sha256:e9a0e1caed2a52f15c96507ab78a48f346c05681a49c5b003172f8073da6aa6b",
                "sha256:eea9135432428d3ca7ee9be86af27cb8e56243f73764a9b6c3e0bda1394916be",
                "sha256:700d7579995044dc724847560b78ac786f0ca292867447afda7727a6fbaa082e",
                "sha256:66f393e10dd866be267deb3feca39babba08ae13763e0fc7a1063cbe1f8e49f6",
                "sha256:5ff16548492e8a12e65ff3d55857ccd818584ed587a6c2898a9ebbe09a880674",
                "sha256:d00e29b78ff610d300b2c37049a41234d48ea4f2d2581759ebcf67caaf731c31",
                "sha256:87d942863fe74b1c3be83a045996addf1639218c2cb89c5da18c06c0fe3917ea",
                "sha256:358d635b1fc22a425444d52f26287ae5aea9e96e254ff3c59c407426f44574f4",
                "sha256:81912cfe276e0069dca99e1e4e6be7b06b5fc8342641c6b472cb2fed7de7ae18",
                "sha256:079248312838c4c8f3494934ab7382a42d42d5f365f0cf7516f938dbb3f53f3f",
                "sha256:b0059630ca5c6b297690a6bf57bf2fdac1395c24b7935fd73ee64190276b743b",
                "sha256:493082f104b5ca920e97a485913de254cbe351900deed72d4264571c73464cd0",
                "sha256:e3ba9b14607c23623cf38f90b23f5bed4a3be87cbfa96e2e9f4eabb975d1e98b",
                "sha256:82cbd3317320aa63c65555aa4894bf33a13fb3a77f079059eb5935eea415938d",
                "sha256:9721f1b7275d3112dc7ccf63f0553c769f09b5c25a26ee45872c7f5c09edf6c1",
                "sha256:bd4800e32b4c8d99c3a2c943f1ac430cbf80658d884123d19639bcde90dad44a",
                "sha256:f29841e865590af72c4b90d7b5b8e93fd560f5dea436c1d5ee8053788f9285de",
                "sha256:f3a5c6d054c531536a83521c00e5d4004f1e126e2e2556ce399bef4180fbe540",
                "sha256:dd707a21332615108b736ef0b8513d3edaf12d2a7d5fc26cd04a169a8ae9b526",
                "sha256:2e1a5c6adebb93c3b175103c2f855eda957283c10cf937d791d81bef8872d6ca",
                "sha256:f87f522bde5540d8a4b11df80058281ac38c44b13ce29ced1e294963dd51a8f8",
                "sha256:a7cfaebd8f24c2b537fa6a271229b051cdac9c1734bb6f939ccfc7c055689baa",
                "sha256:309d91bd7a35063ec7a0e4d75645488bfab3f0b66373e7722f23da7f5b0f34cc",
                "sha256:0388c12539372bb92d6dde68b4627f0300d948965bbb7fc104924d715fdc0965",
                "sha256:ab3508df9a92c1d3362343d235420d08e2662969b83134f8a97dc1451cbe5e84",
                "sha256:43a155eb76025c61fc20c3d03b89ca28efa6f5be572ab6110b2fb68eda96bfea",
                "sha256:f98b461cb59f117887aa634a66022c0bd394278245ed51189f63a036516e32de",
                "sha256:b6cebae1502ce5b87d7c6f532fa90ab345cfbda62b95aeea4e431e164d498a3d",
                "sha256:a4497faa4f1c0fc365ba05eaecfb6b5d24e3c8c72e95938f9524e29dadb15e76",
                "sha256:2b4d7f03a8a6632598cbc5df15bbca9f778c43db7cf1a838f4fa2c8599a8691a",
                "sha256:1afccd7e27cac1b9617be8c769f6d8a6d363699c9b86820f40c74cfb3328921c"
            ],
            "version": "==4.4.2"
        },
        "idna": {
            "hashes": [
                "sha256:8c7309c718f94b3a625cb648ace320157ad16ff131ae0af362c9f21b80ef6ec4",
                "sha256:2c6a5de3089009e3da7c5dde64a141dbc8551d5b7f6cf4ed7c2568d0cc520a8f"
            ],
            "version": "==2.6"
        },
        "pkginfo": {
            "hashes": [
                "sha256:31a49103180ae1518b65d3f4ce09c784e2bc54e338197668b4fb7dc539521024",
                "sha256:bb1a6aeabfc898f5df124e7e00303a5b3ec9a489535f346bfbddb081af93f89e"
            ],
            "version": "==1.4.1"
        },
        "requests": {
            "hashes": [
                "sha256:6a1b267aa90cac58ac3a765d067950e7dbbf75b1da07e895d1f594193a40a38b",
                "sha256:9c443e7324ba5b85070c4a818ade28bfabedf16ea10206da1132edaa6dda237e"
            ],
            "version": "==2.18.4"
        },
        "requests-toolbelt": {
            "hashes": [
                "sha256:42c9c170abc2cacb78b8ab23ac957945c7716249206f90874651971a4acff237",
                "sha256:f6a531936c6fa4c6cfce1b9c10d5c4f498d16528d2a54a22ca00011205a187b5"
            ],
            "version": "==0.8.0"
        },
        "tqdm": {
            "hashes": [
                "sha256:4c041f8019f7be65b8028ddde9a836f7ccc51c4637f1ff2ba9b5813d38d19d5a",
                "sha256:df32e6f127dc0ccbc675eadb33f749abbcb8f174c5cb9ec49c0cdb73aa737377"
            ],
            "version": "==4.19.5"
        },
        "twine": {
            "hashes": [
                "sha256:d3ce5c480c22ccfb761cd358526e862b32546d2fe4bc93d46b5cf04ea3cc46ca",
                "sha256:caa45b7987fc96321258cd7668e3be2ff34064f5c66d2d975b641adca659c1ab"
            ],
            "version": "==1.9.1"
        },
        "urllib3": {
            "hashes": [
                "sha256:06330f386d6e4b195fbfc736b297f58c5a892e4440e54d294d7004e3a9bbea1b",
                "sha256:cc44da8e1145637334317feebd728bd869a35285b93cbb4cca2577da7e62db4f"
            ],
            "version": "==1.22"
        }
    }
}
