{
    "_meta": {
        "hash": {
            "sha256": "a1fb0b6b86fcae08666be78b827d687a4a9cd470d88f1ad7de9606c31f8d5272"
        },
        "pipfile-spec": 6,
        "requires": {},
        "sources": [
            {
                "url": "https://pypi.python.org/simple",
                "verify_ssl": true
            }
        ]
    },
    "default": {
        "asn1crypto": {
            "hashes": [
                "sha256:4bcdf33c861c7d40bdcd74d8e4dd7661aac320fcdf40b9a3f95b4ee12fde2fa8",
                "sha256:f4f6e119474e58e04a2b1af817eb585b4fd72bdd89b998624712b5c99be7641c"
            ],
            "version": "==1.4.0"
        },
        "beautifulsoup4": {
            "hashes": [
                "sha256:11a9a27b7d3bddc6d86f59fb76afb70e921a25ac2d6cc55b40d072bd68435a76",
                "sha256:7015e76bf32f1f574636c4288399a6de66ce08fb7b2457f628a8d70c0fbabb11",
                "sha256:808b6ac932dccb0a4126558f7dfdcf41710dd44a4ef497a0bb59a77f9f078e89"
            ],
            "version": "==4.6.0"
        },
        "certifi": {
            "hashes": [
                "sha256:1a4995114262bffbc2413b159f2a1a480c969de6e6eb13ee966d470af86af59c",
                "sha256:719a74fb9e33b9bd44cc7f3a8d94bc35e4049deebe19ba7d8e108280cfd59830"
            ],
            "version": "==2020.12.5"
        },
        "cffi": {
            "hashes": [
                "sha256:005a36f41773e148deac64b08f233873a4d0c18b053d37da83f6af4d9087b813",
                "sha256:0857f0ae312d855239a55c81ef453ee8fd24136eaba8e87a2eceba644c0d4c06",
                "sha256:1071534bbbf8cbb31b498d5d9db0f274f2f7a865adca4ae429e147ba40f73dea",
                "sha256:158d0d15119b4b7ff6b926536763dc0714313aa59e320ddf787502c70c4d4bee",
                "sha256:1f436816fc868b098b0d63b8920de7d208c90a67212546d02f84fe78a9c26396",
                "sha256:2894f2df484ff56d717bead0a5c2abb6b9d2bf26d6960c4604d5c48bbc30ee73",
                "sha256:29314480e958fd8aab22e4a58b355b629c59bf5f2ac2492b61e3dc06d8c7a315",
                "sha256:34eff4b97f3d982fb93e2831e6750127d1355a923ebaeeb565407b3d2f8d41a1",
                "sha256:35f27e6eb43380fa080dccf676dece30bef72e4a67617ffda586641cd4508d49",
                "sha256:3d3dd4c9e559eb172ecf00a2a7517e97d1e96de2a5e610bd9b68cea3925b4892",
                "sha256:43e0b9d9e2c9e5d152946b9c5fe062c151614b262fda2e7b201204de0b99e482",
                "sha256:48e1c69bbacfc3d932221851b39d49e81567a4d4aac3b21258d9c24578280058",
                "sha256:51182f8927c5af975fece87b1b369f722c570fe169f9880764b1ee3bca8347b5",
                "sha256:58e3f59d583d413809d60779492342801d6e82fefb89c86a38e040c16883be53",
                "sha256:5de7970188bb46b7bf9858eb6890aad302577a5f6f75091fd7cdd3ef13ef3045",
                "sha256:65fa59693c62cf06e45ddbb822165394a288edce9e276647f0046e1ec26920f3",
                "sha256:69e395c24fc60aad6bb4fa7e583698ea6cc684648e1ffb7fe85e3c1ca131a7d5",
                "sha256:6c97d7350133666fbb5cf4abdc1178c812cb205dc6f41d174a7b0f18fb93337e",
                "sha256:6e4714cc64f474e4d6e37cfff31a814b509a35cb17de4fb1999907575684479c",
                "sha256:72d8d3ef52c208ee1c7b2e341f7d71c6fd3157138abf1a95166e6165dd5d4369",
                "sha256:8ae6299f6c68de06f136f1f9e69458eae58f1dacf10af5c17353eae03aa0d827",
                "sha256:8b198cec6c72df5289c05b05b8b0969819783f9418e0409865dac47288d2a053",
                "sha256:99cd03ae7988a93dd00bcd9d0b75e1f6c426063d6f03d2f90b89e29b25b82dfa",
                "sha256:9cf8022fb8d07a97c178b02327b284521c7708d7c71a9c9c355c178ac4bbd3d4",
                "sha256:9de2e279153a443c656f2defd67769e6d1e4163952b3c622dcea5b08a6405322",
                "sha256:9e93e79c2551ff263400e1e4be085a1210e12073a31c2011dbbda14bda0c6132",
                "sha256:9ff227395193126d82e60319a673a037d5de84633f11279e336f9c0f189ecc62",
                "sha256:a465da611f6fa124963b91bf432d960a555563efe4ed1cc403ba5077b15370aa",
                "sha256:ad17025d226ee5beec591b52800c11680fca3df50b8b29fe51d882576e039ee0",
                "sha256:afb29c1ba2e5a3736f1c301d9d0abe3ec8b86957d04ddfa9d7a6a42b9367e396",
                "sha256:b85eb46a81787c50650f2392b9b4ef23e1f126313b9e0e9013b35c15e4288e2e",
                "sha256:bb89f306e5da99f4d922728ddcd6f7fcebb3241fc40edebcb7284d7514741991",
                "sha256:cbde590d4faaa07c72bf979734738f328d239913ba3e043b1e98fe9a39f8b2b6",
                "sha256:cd2868886d547469123fadc46eac7ea5253ea7fcb139f12e1dfc2bbd406427d1",
                "sha256:d42b11d692e11b6634f7613ad8df5d6d5f8875f5d48939520d351007b3c13406",
                "sha256:f2d45f97ab6bb54753eab54fffe75aaf3de4ff2341c9daee1987ee1837636f1d",
                "sha256:fd78e5fee591709f32ef6edb9a015b4aa1a5022598e36227500c8f4e02328d9c"
            ],
            "markers": "platform_python_implementation != 'PyPy'",
            "version": "==1.14.5"
        },
        "chardet": {
            "hashes": [
                "sha256:84ab92ed1c4d4f16916e05906b6b75a6c0fb5db821cc65e70cbd64a3e2a5eaae",
                "sha256:fc323ffcaeaed0e0a02bf4d117757b98aed530d9ed4531e3e15460124c106691"
            ],
            "version": "==3.0.4"
        },
        "coverage": {
            "hashes": [
                "sha256:007eeef7e23f9473622f7d94a3e029a45d55a92a1f083f0f3512f5ab9a669b05",
                "sha256:079248312838c4c8f3494934ab7382a42d42d5f365f0cf7516f938dbb3f53f3f",
                "sha256:17307429935f96c986a1b1674f78079528833410750321d22b5fb35d1883828e",
                "sha256:2ad357d12971e77360034c1596011a03f50c0f9e1ecd12e081342b8d1aee2236",
                "sha256:2e1a5c6adebb93c3b175103c2f855eda957283c10cf937d791d81bef8872d6ca",
                "sha256:309d91bd7a35063ec7a0e4d75645488bfab3f0b66373e7722f23da7f5b0f34cc",
                "sha256:358d635b1fc22a425444d52f26287ae5aea9e96e254ff3c59c407426f44574f4",
                "sha256:3f4d0b3403d3e110d2588c275540649b1841725f5a11a7162620224155d00ba2",
                "sha256:493082f104b5ca920e97a485913de254cbe351900deed72d4264571c73464cd0",
                "sha256:4c4f368ffe1c2e7602359c2c50233269f3abe1c48ca6b288dcd0fb1d1c679733",
                "sha256:5ff16548492e8a12e65ff3d55857ccd818584ed587a6c2898a9ebbe09a880674",
                "sha256:66f393e10dd866be267deb3feca39babba08ae13763e0fc7a1063cbe1f8e49f6",
                "sha256:700d7579995044dc724847560b78ac786f0ca292867447afda7727a6fbaa082e",
                "sha256:81912cfe276e0069dca99e1e4e6be7b06b5fc8342641c6b472cb2fed7de7ae18",
                "sha256:82cbd3317320aa63c65555aa4894bf33a13fb3a77f079059eb5935eea415938d",
                "sha256:845fddf89dca1e94abe168760a38271abfc2e31863fbb4ada7f9a99337d7c3dc",
                "sha256:87d942863fe74b1c3be83a045996addf1639218c2cb89c5da18c06c0fe3917ea",
                "sha256:9721f1b7275d3112dc7ccf63f0553c769f09b5c25a26ee45872c7f5c09edf6c1",
                "sha256:a7cfaebd8f24c2b537fa6a271229b051cdac9c1734bb6f939ccfc7c055689baa",
                "sha256:b0059630ca5c6b297690a6bf57bf2fdac1395c24b7935fd73ee64190276b743b",
                "sha256:bd4800e32b4c8d99c3a2c943f1ac430cbf80658d884123d19639bcde90dad44a",
                "sha256:cdd92dd9471e624cd1d8c1a2703d25f114b59b736b0f1f659a98414e535ffb3d",
                "sha256:d00e29b78ff610d300b2c37049a41234d48ea4f2d2581759ebcf67caaf731c31",
                "sha256:d1ee76f560c3c3e8faada866a07a32485445e16ed2206ac8378bd90dadffb9f0",
                "sha256:dd707a21332615108b736ef0b8513d3edaf12d2a7d5fc26cd04a169a8ae9b526",
                "sha256:e3ba9b14607c23623cf38f90b23f5bed4a3be87cbfa96e2e9f4eabb975d1e98b",
                "sha256:e9a0e1caed2a52f15c96507ab78a48f346c05681a49c5b003172f8073da6aa6b",
                "sha256:eea9135432428d3ca7ee9be86af27cb8e56243f73764a9b6c3e0bda1394916be",
                "sha256:f29841e865590af72c4b90d7b5b8e93fd560f5dea436c1d5ee8053788f9285de",
                "sha256:f3a5c6d054c531536a83521c00e5d4004f1e126e2e2556ce399bef4180fbe540",
                "sha256:f87f522bde5540d8a4b11df80058281ac38c44b13ce29ced1e294963dd51a8f8",
                "sha256:f8c55dd0f56d3d618dfacf129e010cbe5d5f94b6951c1b2f13ab1a2f79c284da"
            ],
            "version": "==4.4.2"
        },
        "cryptography": {
            "hashes": [
                "sha256:0d39a93cf25edeae1f796bbc5960e587f34513a852564f6345ea4491a86c5997",
                "sha256:18d0b0fc21f39b35ea469a82584f55eeecec1f65a92d85af712c425bdef627b3",
                "sha256:27a208b9600166976182351174948e128818e7fc95cbdba18143f3106a211546",
                "sha256:28e4e9a97713aa47b5ef9c5003def2eb58aec89781ef3ef82b1c2916a8b0639b",
                "sha256:2cfcee8829c5dec55597826d52c26bc26e7ce39adb4771584459d0636b0b7108",
                "sha256:33b564196dcd563e309a0b07444e31611368afe3a3822160c046f5e4c3b5cdd7",
                "sha256:41f94194ae78f83fd94ca94fb8ad65f92210a76a2421169ffa5c33c3ec7605f4",
                "sha256:4f385ee7d39ee1ed74f1d6b1da03d0734ea82855a7b28a9e6e88c4091bc58664",
                "sha256:55555d784cfdf9033e81f044c0df04babed2aa141213765d960d233b0139e353",
                "sha256:69285f5615507b6625f89ea1048addd1d9218585fb886eb90bdebb1d2b2d26f5",
                "sha256:6cb1224da391fa90f1be524eafb375b62baf8d3df9690b32e8cc475ccfccee5e",
                "sha256:6fb22f63e17813f3d1d8e30dd1e249e2c34233ba1d3de977fd31cb5db764c7d0",
                "sha256:7a2409f1564c84bcf2563d379c9b6148c5bc6b0ae46e109f6a7b4bebadf551df",
                "sha256:8487524a1212223ca6dc7e2c8913024618f7ff29855c98869088e3818d5f6733",
                "sha256:9a2945efcff84830c8e237ab037d0269380d75d400a89cc9e5628e52647e21be",
                "sha256:9a47a80f65f4feaaf8415a40c339806c7d7d867152ddccc6ca87f707c8b7b565",
                "sha256:a3c180d12ffb1d8ee5b33a514a5bcb2a9cc06cc89aa74038015591170c82f55d",
                "sha256:a5f2c681fd040ed648513939a1dd2242af19bd5e9e79e53b6dcfa33bdae61217",
                "sha256:b984523d28737e373c7c35c8b6db6001537609d47534892de189bebebaa42a47",
                "sha256:d18df9cf3f3212df28d445ea82ce702c4d7a35817ef7a38ee38879ffa8f7e857",
                "sha256:e4d967371c5b6b2e67855066471d844c5d52d210c36c28d49a8507b96e2c5291",
                "sha256:ee245f185fae723133511e2450be08a66c2eebb53ad27c0c19b228029f4748a5",
                "sha256:fc2208d95d9ecc8032f5e38330d5ace2e3b0b998e42b08c30c35b2ab3a4a3bc8"
            ],
            "version": "==2.1.4"
        },
        "idna": {
            "hashes": [
                "sha256:2c6a5de3089009e3da7c5dde64a141dbc8551d5b7f6cf4ed7c2568d0cc520a8f",
                "sha256:8c7309c718f94b3a625cb648ace320157ad16ff131ae0af362c9f21b80ef6ec4"
            ],
            "version": "==2.6"
        },
        "pycparser": {
            "hashes": [
                "sha256:2d475327684562c3a96cc71adf7dc8c4f0565175cf86b6d7a404ff4c771f15f0",
                "sha256:7582ad22678f0fcd81102833f60ef8d0e57288b6b5fb00323d101be910e35705"
            ],
            "version": "==2.20"
        },
        "requests": {
            "hashes": [
                "sha256:6a1b267aa90cac58ac3a765d067950e7dbbf75b1da07e895d1f594193a40a38b",
                "sha256:9c443e7324ba5b85070c4a818ade28bfabedf16ea10206da1132edaa6dda237e"
            ],
            "version": "==2.18.4"
        },
        "six": {
            "hashes": [
                "sha256:30639c035cdb23534cd4aa2dd52c3bf48f06e5f4a941509c8bafd8ce11080259",
                "sha256:8b74bedcbbbaca38ff6d7491d76f2b06b3592611af620f8426e82dddb04a5ced"
            ],
            "version": "==1.15.0"
        },
        "urllib3": {
            "hashes": [
                "sha256:06330f386d6e4b195fbfc736b297f58c5a892e4440e54d294d7004e3a9bbea1b",
                "sha256:cc44da8e1145637334317feebd728bd869a35285b93cbb4cca2577da7e62db4f"
            ],
            "version": "==1.22"
        }
    },
    "develop": {
        "backcall": {
            "hashes": [
                "sha256:5cbdbf27be5e7cfadb448baf0aa95508f91f2bbc6c6437cd9cd06e2a4c215e1e",
                "sha256:fbbce6a29f263178a1f7915c1940bde0ec2b2a967566fe1c65c1dfb7422bd255"
            ],
            "version": "==0.2.0"
        },
        "certifi": {
            "hashes": [
                "sha256:1a4995114262bffbc2413b159f2a1a480c969de6e6eb13ee966d470af86af59c",
                "sha256:719a74fb9e33b9bd44cc7f3a8d94bc35e4049deebe19ba7d8e108280cfd59830"
            ],
            "version": "==2020.12.5"
        },
        "chardet": {
            "hashes": [
                "sha256:84ab92ed1c4d4f16916e05906b6b75a6c0fb5db821cc65e70cbd64a3e2a5eaae",
                "sha256:fc323ffcaeaed0e0a02bf4d117757b98aed530d9ed4531e3e15460124c106691"
            ],
            "version": "==3.0.4"
        },
        "decorator": {
            "hashes": [
                "sha256:41fa54c2a0cc4ba648be4fd43cff00aedf5b9465c9bf18d64325bc225f08f760",
                "sha256:e3a62f0520172440ca0dcc823749319382e377f37f140a0b99ef45fecb84bfe7"
            ],
            "version": "==4.4.2"
        },
        "idna": {
            "hashes": [
                "sha256:2c6a5de3089009e3da7c5dde64a141dbc8551d5b7f6cf4ed7c2568d0cc520a8f",
                "sha256:8c7309c718f94b3a625cb648ace320157ad16ff131ae0af362c9f21b80ef6ec4"
            ],
            "version": "==2.6"
        },
        "ipdb": {
            "hashes": [
                "sha256:7081c65ed7bfe7737f83fa4213ca8afd9617b42ff6b3f1daf9a3419839a2a00a"
            ],
            "version": "==0.11"
        },
        "ipython": {
            "hashes": [
                "sha256:9c900332d4c5a6de534b4befeeb7de44ad0cc42e8327fa41b7685abde58cec74",
                "sha256:c0ce02dfaa5f854809ab7413c601c4543846d9da81010258ecdab299b542d199"
            ],
            "version": "==7.22.0"
        },
        "ipython-genutils": {
            "hashes": [
                "sha256:72dd37233799e619666c9f639a9da83c34013a73e8bbc79a7a6348d93c61fab8",
                "sha256:eb2e116e75ecef9d4d228fdc66af54269afa26ab4463042e33785b887c628ba8"
            ],
            "version": "==0.2.0"
        },
        "jedi": {
            "hashes": [
                "sha256:18456d83f65f400ab0c2d3319e48520420ef43b23a086fdc05dff34132f0fb93",
                "sha256:92550a404bad8afed881a137ec9a461fed49eca661414be45059329614ed0707"
            ],
            "version": "==0.18.0"
        },
        "parso": {
            "hashes": [
                "sha256:15b00182f472319383252c18d5913b69269590616c947747bc50bf4ac768f410",
                "sha256:8519430ad07087d4c997fda3a7918f7cfa27cb58972a8c89c2a0295a1c940e9e"
            ],
            "version": "==0.8.1"
        },
        "pexpect": {
            "hashes": [
                "sha256:0b48a55dcb3c05f3329815901ea4fc1537514d6ba867a152b581d69ae3710937",
                "sha256:fc65a43959d153d0114afe13997d439c22823a27cefceb5ff35c2178c6784c0c"
            ],
            "markers": "sys_platform != 'win32'",
            "version": "==4.8.0"
        },
        "pickleshare": {
            "hashes": [
                "sha256:87683d47965c1da65cdacaf31c8441d12b8044cdec9aca500cd78fc2c683afca",
                "sha256:9649af414d74d4df115d5d718f82acb59c9d418196b7b4290ed47a12ce62df56"
            ],
            "version": "==0.7.5"
        },
        "pkginfo": {
            "hashes": [
                "sha256:029a70cb45c6171c329dfc890cde0879f8c52d6f3922794796e06f577bb03db4",
                "sha256:9fdbea6495622e022cc72c2e5e1b735218e4ffb2a2a69cde2694a6c1f16afb75"
            ],
            "version": "==1.7.0"
        },
        "prompt-toolkit": {
            "hashes": [
                "sha256:bf00f22079f5fadc949f42ae8ff7f05702826a97059ffcc6281036ad40ac6f04",
                "sha256:e1b4f11b9336a28fa11810bc623c357420f69dfdb6d2dac41ca2c21a55c033bc"
            ],
            "version": "==3.0.18"
        },
        "ptyprocess": {
            "hashes": [
                "sha256:4b41f3967fce3af57cc7e94b888626c18bf37a083e3651ca8feeb66d492fef35",
                "sha256:5c5d0a3b48ceee0b48485e0c26037c0acd7d29765ca3fbb5cb3831d347423220"
            ],
            "version": "==0.7.0"
        },
        "pygments": {
            "hashes": [
                "sha256:bc9591213a8f0e0ca1a5e68a479b4887fdc3e75d0774e5c71c31920c427de435",
                "sha256:df49d09b498e83c1a73128295860250b0b7edd4c723a32e9bc0d295c7c2ec337"
            ],
            "version": "==2.7.4"
        },
        "requests": {
            "hashes": [
                "sha256:6a1b267aa90cac58ac3a765d067950e7dbbf75b1da07e895d1f594193a40a38b",
                "sha256:9c443e7324ba5b85070c4a818ade28bfabedf16ea10206da1132edaa6dda237e"
            ],
            "version": "==2.18.4"
        },
        "requests-toolbelt": {
            "hashes": [
                "sha256:380606e1d10dc85c3bd47bf5a6095f815ec007be7a8b69c878507068df059e6f",
                "sha256:968089d4584ad4ad7c171454f0a5c6dac23971e9472521ea3b6d49d610aa6fc0"
            ],
            "version": "==0.9.1"
        },
        "tqdm": {
            "hashes": [
                "sha256:9fdf349068d047d4cfbe24862c425883af1db29bcddf4b0eeb2524f6fbdb23c7",
                "sha256:d666ae29164da3e517fcf125e41d4fe96e5bb375cd87ff9763f6b38b5592fe33"
            ],
            "version": "==4.59.0"
        },
        "traitlets": {
            "hashes": [
                "sha256:178f4ce988f69189f7e523337a3e11d91c786ded9360174a3d9ca83e79bc5396",
                "sha256:69ff3f9d5351f31a7ad80443c2674b7099df13cc41fc5fa6e2f6d3b0330b0426"
            ],
            "version": "==5.0.5"
        },
        "twine": {
            "hashes": [
                "sha256:caa45b7987fc96321258cd7668e3be2ff34064f5c66d2d975b641adca659c1ab",
                "sha256:d3ce5c480c22ccfb761cd358526e862b32546d2fe4bc93d46b5cf04ea3cc46ca"
            ],
            "version": "==1.9.1"
        },
        "urllib3": {
            "hashes": [
                "sha256:06330f386d6e4b195fbfc736b297f58c5a892e4440e54d294d7004e3a9bbea1b",
                "sha256:cc44da8e1145637334317feebd728bd869a35285b93cbb4cca2577da7e62db4f"
            ],
            "version": "==1.22"
        },
        "wcwidth": {
            "hashes": [
                "sha256:beb4802a9cebb9144e99086eff703a642a13d6a0052920003a230f3294bbe784",
                "sha256:c4d647b99872929fdb7bdcaa4fbe7f01413ed3d98077df798530e5b04f116c83"
            ],
            "version": "==0.2.5"
        }
    }
}
